
Microsoft Visual Studio Solution File, Format Version 12.00
# Visual Studio Version 17
VisualStudioVersion = 17.8.34330.188
MinimumVisualStudioVersion = 10.0.40219.1
Project("{FAE04EC0-301F-11D3-BF4B-00C04F79EFBC}") = "FileManager", "FileManager.csproj", "{15DE6700-ACA0-43F6-A586-0603EC931399}"
EndProject
Global
	GlobalSection(SolutionConfigurationPlatforms) = preSolution
		Debug|Any CPU = Debug|Any CPU
		Release|Any CPU = Release|Any CPU
	EndGlobalSection
	GlobalSection(ProjectConfigurationPlatforms) = postSolution
		{15DE6700-ACA0-43F6-A586-0603EC931399}.Debug|Any CPU.ActiveCfg = Debug|Any CPU
		{15DE6700-ACA0-43F6-A586-0603EC931399}.Debug|Any CPU.Build.0 = Debug|Any CPU
		{15DE6700-ACA0-43F6-A586-0603EC931399}.Release|Any CPU.ActiveCfg = Release|Any CPU
		{15DE6700-ACA0-43F6-A586-0603EC931399}.Release|Any CPU.Build.0 = Release|Any CPU
	EndGlobalSection
	GlobalSection(SolutionProperties) = preSolution
		HideSolutionNode = FALSE
	EndGlobalSection
	GlobalSection(ExtensibilityGlobals) = postSolution
		SolutionGuid = {BB3CAF9C-18D3-4A87-A618-EAAF60699E73}
	EndGlobalSection
EndGlobal
